
Microsoft Visual Studio Solution File, Format Version 12.00
# Visual Studio Version 17
VisualStudioVersion = 17.2.32519.379
MinimumVisualStudioVersion = 10.0.40219.1
Project("{FAE04EC0-301F-11D3-BF4B-00C04F79EFBC}") = "PFM", "PFM\PFM.csproj", "{95BB10D2-DF54-4654-9018-89266AE8DEE2}"
EndProject
Global
	GlobalSection(SolutionConfigurationPlatforms) = preSolution
		Debug|Any CPU = Debug|Any CPU
		Release|Any CPU = Release|Any CPU
	EndGlobalSection
	GlobalSection(ProjectConfigurationPlatforms) = postSolution
		{95BB10D2-DF54-4654-9018-89266AE8DEE2}.Debug|Any CPU.ActiveCfg = Debug|Any CPU
		{95BB10D2-DF54-4654-9018-89266AE8DEE2}.Debug|Any CPU.Build.0 = Debug|Any CPU
		{95BB10D2-DF54-4654-9018-89266AE8DEE2}.Release|Any CPU.ActiveCfg = Release|Any CPU
		{95BB10D2-DF54-4654-9018-89266AE8DEE2}.Release|Any CPU.Build.0 = Release|Any CPU
	EndGlobalSection
	GlobalSection(SolutionProperties) = preSolution
		HideSolutionNode = FALSE
	EndGlobalSection
	GlobalSection(ExtensibilityGlobals) = postSolution
		SolutionGuid = {871F7FE7-A22A-4161-B14D-EA9928612F46}
	EndGlobalSection
EndGlobal
